
Microsoft Visual Studio Solution File, Format Version 12.00
# Visual Studio Version 17
VisualStudioVersion = 17.2.32630.192
MinimumVisualStudioVersion = 10.0.40219.1
Project("{9A19103F-16F7-4668-BE54-9A1E7A4F7556}") = "ShortenUrl", "ShortenUrl\ShortenUrl.csproj", "{8DE1C415-B406-46A4-85B5-5CBA916E7EA3}"
EndProject
Project("{9A19103F-16F7-4668-BE54-9A1E7A4F7556}") = "ShortenUrl.Test", "ShortenUrl.Test\ShortenUrl.Test.csproj", "{2DFEDD37-377D-4730-9702-AE7752EF5403}"
EndProject
Global
	GlobalSection(SolutionConfigurationPlatforms) = preSolution
		Debug|Any CPU = Debug|Any CPU
		Release|Any CPU = Release|Any CPU
	EndGlobalSection
	GlobalSection(ProjectConfigurationPlatforms) = postSolution
		{8DE1C415-B406-46A4-85B5-5CBA916E7EA3}.Debug|Any CPU.ActiveCfg = Debug|Any CPU
		{8DE1C415-B406-46A4-85B5-5CBA916E7EA3}.Debug|Any CPU.Build.0 = Debug|Any CPU
		{8DE1C415-B406-46A4-85B5-5CBA916E7EA3}.Release|Any CPU.ActiveCfg = Release|Any CPU
		{8DE1C415-B406-46A4-85B5-5CBA916E7EA3}.Release|Any CPU.Build.0 = Release|Any CPU
		{2DFEDD37-377D-4730-9702-AE7752EF5403}.Debug|Any CPU.ActiveCfg = Debug|Any CPU
		{2DFEDD37-377D-4730-9702-AE7752EF5403}.Debug|Any CPU.Build.0 = Debug|Any CPU
		{2DFEDD37-377D-4730-9702-AE7752EF5403}.Release|Any CPU.ActiveCfg = Release|Any CPU
		{2DFEDD37-377D-4730-9702-AE7752EF5403}.Release|Any CPU.Build.0 = Release|Any CPU
	EndGlobalSection
	GlobalSection(SolutionProperties) = preSolution
		HideSolutionNode = FALSE
	EndGlobalSection
	GlobalSection(ExtensibilityGlobals) = postSolution
		SolutionGuid = {A76A5D75-8E73-40AA-A576-8DCFE7EF14D9}
	EndGlobalSection
EndGlobal
